// !$*UTF8*$!
{
	archiveVersion = 1;
	classes = {
	};
	objectVersion = 77;
	objects = {

/* Begin PBXContainerItemProxy section */
		8372D5832E7AC5C900075E69 /* PBXContainerItemProxy */ = {
			isa = PBXContainerItemProxy;
			containerPortal = 8372D5642E7AC5C600075E69 /* Project object */;
			proxyType = 1;
			remoteGlobalIDString = 8372D56B2E7AC5C600075E69;
			remoteInfo = AlarmClock;
		};
		8372D58D2E7AC5C900075E69 /* PBXContainerItemProxy */ = {
			isa = PBXContainerItemProxy;
			containerPortal = 8372D5642E7AC5C600075E69 /* Project object */;
			proxyType = 1;
			remoteGlobalIDString = 8372D56B2E7AC5C600075E69;
			remoteInfo = AlarmClock;
		};
/* End PBXContainerItemProxy section */

/* Begin PBXFileReference section */
		8372D56C2E7AC5C600075E69 /* AlarmClock.app */ = {isa = PBXFileReference; explicitFileType = wrapper.application; includeInIndex = 0; path = AlarmClock.app; sourceTree = BUILT_PRODUCTS_DIR; };
		8372D5822E7AC5C900075E69 /* AlarmClockTests.xctest */ = {isa = PBXFileReference; explicitFileType = wrapper.cfbundle; includeInIndex = 0; path = AlarmClockTests.xctest; sourceTree = BUILT_PRODUCTS_DIR; };
		8372D58C2E7AC5C900075E69 /* AlarmClockUITests.xctest */ = {isa = PBXFileReference; explicitFileType = wrapper.cfbundle; includeInIndex = 0; path = AlarmClockUITests.xctest; sourceTree = BUILT_PRODUCTS_DIR; };
/* End PBXFileReference section */

/* Begin PBXFileSystemSynchronizedBuildFileExceptionSet section */
		8372D5942E7AC5C900075E69 /* Exceptions for "AlarmClock" folder in "AlarmClock" target */ = {
			isa = PBXFileSystemSynchronizedBuildFileExceptionSet;
			membershipExceptions = (
				Info.plist,
			);
			target = 8372D56B2E7AC5C600075E69 /* AlarmClock */;
		};
/* End PBXFileSystemSynchronizedBuildFileExceptionSet section */

/* Begin PBXFileSystemSynchronizedRootGroup section */
		8372D56E2E7AC5C600075E69 /* AlarmClock */ = {
			isa = PBXFileSystemSynchronizedRootGroup;
			exceptions = (
				8372D5942E7AC5C900075E69 /* Exceptions for "AlarmClock" folder in "AlarmClock" target */,
			);
			path = AlarmClock;
			sourceTree = "<group>";
		};
		8372D5852E7AC5C900075E69 /* AlarmClockTests */ = {
			isa = PBXFileSystemSynchronizedRootGroup;
			path = AlarmClockTests;
			sourceTree = "<group>";
		};
		8372D58F2E7AC5C900075E69 /* AlarmClockUITests */ = {
			isa = PBXFileSystemSynchronizedRootGroup;
			path = AlarmClockUITests;
			sourceTree = "<group>";
		};
/* End PBXFileSystemSynchronizedRootGroup section */

/* Begin PBXFrameworksBuildPhase section */
		8372D5692E7AC5C600075E69 /* Frameworks */ = {
			isa = PBXFrameworksBuildPhase;
			buildActionMask = 2147483647;
			files = (
			);
			runOnlyForDeploymentPostprocessing = 0;
		};
		8372D57F2E7AC5C900075E69 /* Frameworks */ = {
			isa = PBXFrameworksBuildPhase;
			buildActionMask = 2147483647;
			files = (
			);
			runOnlyForDeploymentPostprocessing = 0;
		};
		8372D5892E7AC5C900075E69 /* Frameworks */ = {
			isa = PBXFrameworksBuildPhase;
			buildActionMask = 2147483647;
			files = (
			);
			runOnlyForDeploymentPostprocessing = 0;
		};
/* End PBXFrameworksBuildPhase section */

/* Begin PBXGroup section */
		8372D5632E7AC5C600075E69 = {
			isa = PBXGroup;
			children = (
				8372D56E2E7AC5C600075E69 /* AlarmClock */,
				8372D5852E7AC5C900075E69 /* AlarmClockTests */,
				8372D58F2E7AC5C900075E69 /* AlarmClockUITests */,
				8372D56D2E7AC5C600075E69 /* Products */,
			);
			sourceTree = "<group>";
		};
		8372D56D2E7AC5C600075E69 /* Products */ = {
			isa = PBXGroup;
			children = (
				8372D56C2E7AC5C600075E69 /* AlarmClock.app */,
				8372D5822E7AC5C900075E69 /* AlarmClockTests.xctest */,
				8372D58C2E7AC5C900075E69 /* AlarmClockUITests.xctest */,
			);
			name = Products;
			sourceTree = "<group>";
		};
/* End PBXGroup section */

/* Begin PBXNativeTarget section */
		8372D56B2E7AC5C600075E69 /* AlarmClock */ = {
			isa = PBXNativeTarget;
			buildConfigurationList = 8372D5952E7AC5C900075E69 /* Build configuration list for PBXNativeTarget "AlarmClock" */;
			buildPhases = (
				8372D5682E7AC5C600075E69 /* Sources */,
				8372D5692E7AC5C600075E69 /* Frameworks */,
				8372D56A2E7AC5C600075E69 /* Resources */,
			);
			buildRules = (
			);
			dependencies = (
			);
			fileSystemSynchronizedGroups = (
				8372D56E2E7AC5C600075E69 /* AlarmClock */,
			);
			name = AlarmClock;
			packageProductDependencies = (
			);
			productName = AlarmClock;
			productReference = 8372D56C2E7AC5C600075E69 /* AlarmClock.app */;
			productType = "com.apple.product-type.application";
		};
		8372D5812E7AC5C900075E69 /* AlarmClockTests */ = {
			isa = PBXNativeTarget;
			buildConfigurationList = 8372D59A2E7AC5C900075E69 /* Build configuration list for PBXNativeTarget "AlarmClockTests" */;
			buildPhases = (
				8372D57E2E7AC5C900075E69 /* Sources */,
				8372D57F2E7AC5C900075E69 /* Frameworks */,
				8372D5802E7AC5C900075E69 /* Resources */,
			);
			buildRules = (
			);
			dependencies = (
				8372D5842E7AC5C900075E69 /* PBXTargetDependency */,
			);
			fileSystemSynchronizedGroups = (
				8372D5852E7AC5C900075E69 /* AlarmClockTests */,
			);
			name = AlarmClockTests;
			packageProductDependencies = (
			);
			productName = AlarmClockTests;
			productReference = 8372D5822E7AC5C900075E69 /* AlarmClockTests.xctest */;
			productType = "com.apple.product-type.bundle.unit-test";
		};
		8372D58B2E7AC5C900075E69 /* AlarmClockUITests */ = {
			isa = PBXNativeTarget;
			buildConfigurationList = 8372D59D2E7AC5C900075E69 /* Build configuration list for PBXNativeTarget "AlarmClockUITests" */;
			buildPhases = (
				8372D5882E7AC5C900075E69 /* Sources */,
				8372D5892E7AC5C900075E69 /* Frameworks */,
				8372D58A2E7AC5C900075E69 /* Resources */,
			);
			buildRules = (
			);
			dependencies = (
				8372D58E2E7AC5C900075E69 /* PBXTargetDependency */,
			);
			fileSystemSynchronizedGroups = (
				8372D58F2E7AC5C900075E69 /* AlarmClockUITests */,
			);
			name = AlarmClockUITests;
			packageProductDependencies = (
			);
			productName = AlarmClockUITests;
			productReference = 8372D58C2E7AC5C900075E69 /* AlarmClockUITests.xctest */;
			productType = "com.apple.product-type.bundle.ui-testing";
		};
/* End PBXNativeTarget section */

/* Begin PBXProject section */
		8372D5642E7AC5C600075E69 /* Project object */ = {
			isa = PBXProject;
			attributes = {
				BuildIndependentTargetsInParallel = 1;
				LastSwiftUpdateCheck = 1640;
				LastUpgradeCheck = 1640;
				TargetAttributes = {
					8372D56B2E7AC5C600075E69 = {
						CreatedOnToolsVersion = 16.4;
					};
					8372D5812E7AC5C900075E69 = {
						CreatedOnToolsVersion = 16.4;
						TestTargetID = 8372D56B2E7AC5C600075E69;
					};
					8372D58B2E7AC5C900075E69 = {
						CreatedOnToolsVersion = 16.4;
						TestTargetID = 8372D56B2E7AC5C600075E69;
					};
				};
			};
			buildConfigurationList = 8372D5672E7AC5C600075E69 /* Build configuration list for PBXProject "AlarmClock" */;
			developmentRegion = en;
			hasScannedForEncodings = 0;
			knownRegions = (
				en,
				Base,
			);
			mainGroup = 8372D5632E7AC5C600075E69;
			minimizedProjectReferenceProxies = 1;
			preferredProjectObjectVersion = 77;
			productRefGroup = 8372D56D2E7AC5C600075E69 /* Products */;
			projectDirPath = "";
			projectRoot = "";
			targets = (
				8372D56B2E7AC5C600075E69 /* AlarmClock */,
				8372D5812E7AC5C900075E69 /* AlarmClockTests */,
				8372D58B2E7AC5C900075E69 /* AlarmClockUITests */,
			);
		};
/* End PBXProject section */

/* Begin PBXResourcesBuildPhase section */
		8372D56A2E7AC5C600075E69 /* Resources */ = {
			isa = PBXResourcesBuildPhase;
			buildActionMask = 2147483647;
			files = (
			);
			runOnlyForDeploymentPostprocessing = 0;
		};
		8372D5802E7AC5C900075E69 /* Resources */ = {
			isa = PBXResourcesBuildPhase;
			buildActionMask = 2147483647;
			files = (
			);
			runOnlyForDeploymentPostprocessing = 0;
		};
		8372D58A2E7AC5C900075E69 /* Resources */ = {
			isa = PBXResourcesBuildPhase;
			buildActionMask = 2147483647;
			files = (
			);
			runOnlyForDeploymentPostprocessing = 0;
		};
/* End PBXResourcesBuildPhase section */

/* Begin PBXSourcesBuildPhase section */
		8372D5682E7AC5C600075E69 /* Sources */ = {
			isa = PBXSourcesBuildPhase;
			buildActionMask = 2147483647;
			files = (
			);
			runOnlyForDeploymentPostprocessing = 0;
		};
		8372D57E2E7AC5C900075E69 /* Sources */ = {
			isa = PBXSourcesBuildPhase;
			buildActionMask = 2147483647;
			files = (
			);
			runOnlyForDeploymentPostprocessing = 0;
		};
		8372D5882E7AC5C900075E69 /* Sources */ = {
			isa = PBXSourcesBuildPhase;
			buildActionMask = 2147483647;
			files = (
			);
			runOnlyForDeploymentPostprocessing = 0;
		};
/* End PBXSourcesBuildPhase section */

/* Begin PBXTargetDependency section */
		8372D5842E7AC5C900075E69 /* PBXTargetDependency */ = {
			isa = PBXTargetDependency;
			target = 8372D56B2E7AC5C600075E69 /* AlarmClock */;
			targetProxy = 8372D5832E7AC5C900075E69 /* PBXContainerItemProxy */;
		};
		8372D58E2E7AC5C900075E69 /* PBXTargetDependency */ = {
			isa = PBXTargetDependency;
			target = 8372D56B2E7AC5C600075E69 /* AlarmClock */;
			targetProxy = 8372D58D2E7AC5C900075E69 /* PBXContainerItemProxy */;
		};
/* End PBXTargetDependency section */

/* Begin XCBuildConfiguration section */
		8372D5962E7AC5C900075E69 /* Debug */ = {
			isa = XCBuildConfiguration;
			buildSettings = {
				ASSETCATALOG_COMPILER_APPICON_NAME = AppIcon;
				ASSETCATALOG_COMPILER_GLOBAL_ACCENT_COLOR_NAME = AccentColor;
				CODE_SIGN_STYLE = Automatic;
				CURRENT_PROJECT_VERSION = 1;
				DEVELOPMENT_TEAM = V88W3Y64JT;
				GENERATE_INFOPLIST_FILE = YES;
				INFOPLIST_FILE = AlarmClock/Info.plist;
				INFOPLIST_KEY_UIApplicationSupportsIndirectInputEvents = YES;
				INFOPLIST_KEY_UILaunchStoryboardName = LaunchScreen;
				INFOPLIST_KEY_UIMainStoryboardFile = Main;
				INFOPLIST_KEY_UISupportedInterfaceOrientations_iPad = "UIInterfaceOrientationPortrait UIInterfaceOrientationPortraitUpsideDown UIInterfaceOrientationLandscapeLeft UIInterfaceOrientationLandscapeRight";
				INFOPLIST_KEY_UISupportedInterfaceOrientations_iPhone = "UIInterfaceOrientationPortrait UIInterfaceOrientationLandscapeLeft UIInterfaceOrientationLandscapeRight";
				LD_RUNPATH_SEARCH_PATHS = (
					"$(inherited)",
					"@executable_path/Frameworks",
				);
				MARKETING_VERSION = 1.0;
				PRODUCT_BUNDLE_IDENTIFIER = kr.ac.cu.iosclass.AlarmClock;
				PRODUCT_NAME = "$(TARGET_NAME)";
				SWIFT_EMIT_LOC_STRINGS = YES;
				SWIFT_VERSION = 5.0;
				TARGETED_DEVICE_FAMILY = "1,2";
			};
			name = Debug;
		};
		8372D5972E7AC5C900075E69 /* Release */ = {
			isa = XCBuildConfiguration;
			buildSettings = {
				ASSETCATALOG_COMPILER_APPICON_NAME = AppIcon;
				ASSETCATALOG_COMPILER_GLOBAL_ACCENT_COLOR_NAME = AccentColor;
				CODE_SIGN_STYLE = Automatic;
				CURRENT_PROJECT_VERSION = 1;
				DEVELOPMENT_TEAM = V88W3Y64JT;
				GENERATE_INFOPLIST_FILE = YES;
				INFOPLIST_FILE = AlarmClock/Info.plist;
				INFOPLIST_KEY_UIApplicationSupportsIndirectInputEvents = YES;
				INFOPLIST_KEY_UILaunchStoryboardName = LaunchScreen;
				INFOPLIST_KEY_UIMainStoryboardFile = Main;
				INFOPLIST_KEY_UISupportedInterfaceOrientations_iPad = "UIInterfaceOrientationPortrait UIInterfaceOrientationPortraitUpsideDown UIInterfaceOrientationLandscapeLeft UIInterfaceOrientationLandscapeRight";
				INFOPLIST_KEY_UISupportedInterfaceOrientations_iPhone = "UIInterfaceOrientationPortrait UIInterfaceOrientationLandscapeLeft UIInterfaceOrientationLandscapeRight";
				LD_RUNPATH_SEARCH_PATHS = (
					"$(inherited)",
					"@executable_path/Frameworks",
				);
				MARKETING_VERSION = 1.0;
				PRODUCT_BUNDLE_IDENTIFIER = kr.ac.cu.iosclass.AlarmClock;
				PRODUCT_NAME = "$(TARGET_NAME)";
				SWIFT_EMIT_LOC_STRINGS = YES;
				SWIFT_VERSION = 5.0;
				TARGETED_DEVICE_FAMILY = "1,2";
			};
			name = Release;
		};
		8372D5982E7AC5C900075E69 /* Debug */ = {
			isa = XCBuildConfiguration;
			buildSettings = {
				ALWAYS_SEARCH_USER_PATHS = NO;
				ASSETCATALOG_COMPILER_GENERATE_SWIFT_ASSET_SYMBOL_EXTENSIONS = YES;
				CLANG_ANALYZER_NONNULL = YES;
				CLANG_ANALYZER_NUMBER_OBJECT_CONVERSION = YES_AGGRESSIVE;
				CLANG_CXX_LANGUAGE_STANDARD = "gnu++20";
				CLANG_ENABLE_MODULES = YES;
				CLANG_ENABLE_OBJC_ARC = YES;
				CLANG_ENABLE_OBJC_WEAK = YES;
				CLANG_WARN_BLOCK_CAPTURE_AUTORELEASING = YES;
				CLANG_WARN_BOOL_CONVERSION = YES;
				CLANG_WARN_COMMA = YES;
				CLANG_WARN_CONSTANT_CONVERSION = YES;
				CLANG_WARN_DEPRECATED_OBJC_IMPLEMENTATIONS = YES;
				CLANG_WARN_DIRECT_OBJC_ISA_USAGE = YES_ERROR;
				CLANG_WARN_DOCUMENTATION_COMMENTS = YES;
				CLANG_WARN_EMPTY_BODY = YES;
				CLANG_WARN_ENUM_CONVERSION = YES;
				CLANG_WARN_INFINITE_RECURSION = YES;
				CLANG_WARN_INT_CONVERSION = YES;
				CLANG_WARN_NON_LITERAL_NULL_CONVERSION = YES;
				CLANG_WARN_OBJC_IMPLICIT_RETAIN_SELF = YES;
				CLANG_WARN_OBJC_LITERAL_CONVERSION = YES;
				CLANG_WARN_OBJC_ROOT_CLASS = YES_ERROR;
				CLANG_WARN_QUOTED_INCLUDE_IN_FRAMEWORK_HEADER = YES;
				CLANG_WARN_RANGE_LOOP_ANALYSIS = YES;
				CLANG_WARN_STRICT_PROTOTYPES = YES;
				CLANG_WARN_SUSPICIOUS_MOVE = YES;
				CLANG_WARN_UNGUARDED_AVAILABILITY = YES_AGGRESSIVE;
				CLANG_WARN_UNREACHABLE_CODE = YES;
				CLANG_WARN__DUPLICATE_METHOD_MATCH = YES;
				COPY_PHASE_STRIP = NO;
				DEBUG_INFORMATION_FORMAT = dwarf;
				DEVELOPMENT_TEAM = V88W3Y64JT;
				ENABLE_STRICT_OBJC_MSGSEND = YES;
				ENABLE_TESTABILITY = YES;
				ENABLE_USER_SCRIPT_SANDBOXING = YES;
				GCC_C_LANGUAGE_STANDARD = gnu17;
				GCC_DYNAMIC_NO_PIC = NO;
				GCC_NO_COMMON_BLOCKS = YES;
				GCC_OPTIMIZATION_LEVEL = 0;
				GCC_PREPROCESSOR_DEFINITIONS = (
					"DEBUG=1",
					"$(inherited)",
				);
				GCC_WARN_64_TO_32_BIT_CONVERSION = YES;
				GCC_WARN_ABOUT_RETURN_TYPE = YES_ERROR;
				GCC_WARN_UNDECLARED_SELECTOR = YES;
				GCC_WARN_UNINITIALIZED_AUTOS = YES_AGGRESSIVE;
				GCC_WARN_UNUSED_FUNCTION = YES;
				GCC_WARN_UNUSED_VARIABLE = YES;
				IPHONEOS_DEPLOYMENT_TARGET = 18.5;
				LOCALIZATION_PREFERS_STRING_CATALOGS = YES;
				MTL_ENABLE_DEBUG_INFO = INCLUDE_SOURCE;
				MTL_FAST_MATH = YES;
				ONLY_ACTIVE_ARCH = YES;
				SDKROOT = iphoneos;
				SWIFT_ACTIVE_COMPILATION_CONDITIONS = "DEBUG $(inherited)";
				SWIFT_OPTIMIZATION_LEVEL = "-Onone";
			};
			name = Debug;
		};
		8372D5992E7AC5C900075E69 /* Release */ = {
			isa = XCBuildConfiguration;
			buildSettings = {
				ALWAYS_SEARCH_USER_PATHS = NO;
				ASSETCATALOG_COMPILER_GENERATE_SWIFT_ASSET_SYMBOL_EXTENSIONS = YES;
				CLANG_ANALYZER_NONNULL = YES;
				CLANG_ANALYZER_NUMBER_OBJECT_CONVERSION = YES_AGGRESSIVE;
				CLANG_CXX_LANGUAGE_STANDARD = "gnu++20";
				CLANG_ENABLE_MODULES = YES;
				CLANG_ENABLE_OBJC_ARC = YES;
				CLANG_ENABLE_OBJC_WEAK = YES;
				CLANG_WARN_BLOCK_CAPTURE_AUTORELEASING = YES;
				CLANG_WARN_BOOL_CONVERSION = YES;
				CLANG_WARN_COMMA = YES;
				CLANG_WARN_CONSTANT_CONVERSION = YES;
				CLANG_WARN_DEPRECATED_OBJC_IMPLEMENTATIONS = YES;
				CLANG_WARN_DIRECT_OBJC_ISA_USAGE = YES_ERROR;
				CLANG_WARN_DOCUMENTATION_COMMENTS = YES;
				CLANG_WARN_EMPTY_BODY = YES;
				CLANG_WARN_ENUM_CONVERSION = YES;
				CLANG_WARN_INFINITE_RECURSION = YES;
				CLANG_WARN_INT_CONVERSION = YES;
				CLANG_WARN_NON_LITERAL_NULL_CONVERSION = YES;
				CLANG_WARN_OBJC_IMPLICIT_RETAIN_SELF = YES;
				CLANG_WARN_OBJC_LITERAL_CONVERSION = YES;
				CLANG_WARN_OBJC_ROOT_CLASS = YES_ERROR;
				CLANG_WARN_QUOTED_INCLUDE_IN_FRAMEWORK_HEADER = YES;
				CLANG_WARN_RANGE_LOOP_ANALYSIS = YES;
				CLANG_WARN_STRICT_PROTOTYPES = YES;
				CLANG_WARN_SUSPICIOUS_MOVE = YES;
				CLANG_WARN_UNGUARDED_AVAILABILITY = YES_AGGRESSIVE;
				CLANG_WARN_UNREACHABLE_CODE = YES;
				CLANG_WARN__DUPLICATE_METHOD_MATCH = YES;
				COPY_PHASE_STRIP = NO;
				DEBUG_INFORMATION_FORMAT = "dwarf-with-dsym";
				DEVELOPMENT_TEAM = V88W3Y64JT;
				ENABLE_NS_ASSERTIONS = NO;
				ENABLE_STRICT_OBJC_MSGSEND = YES;
				ENABLE_USER_SCRIPT_SANDBOXING = YES;
				GCC_C_LANGUAGE_STANDARD = gnu17;
				GCC_NO_COMMON_BLOCKS = YES;
				GCC_WARN_64_TO_32_BIT_CONVERSION = YES;
				GCC_WARN_ABOUT_RETURN_TYPE = YES_ERROR;
				GCC_WARN_UNDECLARED_SELECTOR = YES;
				GCC_WARN_UNINITIALIZED_AUTOS = YES_AGGRESSIVE;
				GCC_WARN_UNUSED_FUNCTION = YES;
				GCC_WARN_UNUSED_VARIABLE = YES;
				IPHONEOS_DEPLOYMENT_TARGET = 18.5;
				LOCALIZATION_PREFERS_STRING_CATALOGS = YES;
				MTL_ENABLE_DEBUG_INFO = NO;
				MTL_FAST_MATH = YES;
				SDKROOT = iphoneos;
				SWIFT_COMPILATION_MODE = wholemodule;
				VALIDATE_PRODUCT = YES;
			};
			name = Release;
		};
		8372D59B2E7AC5C900075E69 /* Debug */ = {
			isa = XCBuildConfiguration;
			buildSettings = {
				BUNDLE_LOADER = "$(TEST_HOST)";
				CODE_SIGN_STYLE = Automatic;
				CURRENT_PROJECT_VERSION = 1;
				DEVELOPMENT_TEAM = V88W3Y64JT;
				GENERATE_INFOPLIST_FILE = YES;
				IPHONEOS_DEPLOYMENT_TARGET = 18.5;
				MARKETING_VERSION = 1.0;
				PRODUCT_BUNDLE_IDENTIFIER = kr.ac.cu.iosclass.AlarmClockTests;
				PRODUCT_NAME = "$(TARGET_NAME)";
				SWIFT_EMIT_LOC_STRINGS = NO;
				SWIFT_VERSION = 5.0;
				TARGETED_DEVICE_FAMILY = "1,2";
				TEST_HOST = "$(BUILT_PRODUCTS_DIR)/AlarmClock.app/$(BUNDLE_EXECUTABLE_FOLDER_PATH)/AlarmClock";
			};
			name = Debug;
		};
		8372D59C2E7AC5C900075E69 /* Release */ = {
			isa = XCBuildConfiguration;
			buildSettings = {
				BUNDLE_LOADER = "$(TEST_HOST)";
				CODE_SIGN_STYLE = Automatic;
				CURRENT_PROJECT_VERSION = 1;
				DEVELOPMENT_TEAM = V88W3Y64JT;
				GENERATE_INFOPLIST_FILE = YES;
				IPHONEOS_DEPLOYMENT_TARGET = 18.5;
				MARKETING_VERSION = 1.0;
				PRODUCT_BUNDLE_IDENTIFIER = kr.ac.cu.iosclass.AlarmClockTests;
				PRODUCT_NAME = "$(TARGET_NAME)";
				SWIFT_EMIT_LOC_STRINGS = NO;
				SWIFT_VERSION = 5.0;
				TARGETED_DEVICE_FAMILY = "1,2";
				TEST_HOST = "$(BUILT_PRODUCTS_DIR)/AlarmClock.app/$(BUNDLE_EXECUTABLE_FOLDER_PATH)/AlarmClock";
			};
			name = Release;
		};
		8372D59E2E7AC5C900075E69 /* Debug */ = {
			isa = XCBuildConfiguration;
			buildSettings = {
				CODE_SIGN_STYLE = Automatic;
				CURRENT_PROJECT_VERSION = 1;
				DEVELOPMENT_TEAM = V88W3Y64JT;
				GENERATE_INFOPLIST_FILE = YES;
				MARKETING_VERSION = 1.0;
				PRODUCT_BUNDLE_IDENTIFIER = kr.ac.cu.iosclass.AlarmClockUITests;
				PRODUCT_NAME = "$(TARGET_NAME)";
				SWIFT_EMIT_LOC_STRINGS = NO;
				SWIFT_VERSION = 5.0;
				TARGETED_DEVICE_FAMILY = "1,2";
				TEST_TARGET_NAME = AlarmClock;
			};
			name = Debug;
		};
		8372D59F2E7AC5C900075E69 /* Release */ = {
			isa = XCBuildConfiguration;
			buildSettings = {
				CODE_SIGN_STYLE = Automatic;
				CURRENT_PROJECT_VERSION = 1;
				DEVELOPMENT_TEAM = V88W3Y64JT;
				GENERATE_INFOPLIST_FILE = YES;
				MARKETING_VERSION = 1.0;
				PRODUCT_BUNDLE_IDENTIFIER = kr.ac.cu.iosclass.AlarmClockUITests;
				PRODUCT_NAME = "$(TARGET_NAME)";
				SWIFT_EMIT_LOC_STRINGS = NO;
				SWIFT_VERSION = 5.0;
				TARGETED_DEVICE_FAMILY = "1,2";
				TEST_TARGET_NAME = AlarmClock;
			};
			name = Release;
		};
/* End XCBuildConfiguration section */

/* Begin XCConfigurationList section */
		8372D5672E7AC5C600075E69 /* Build configuration list for PBXProject "AlarmClock" */ = {
			isa = XCConfigurationList;
			buildConfigurations = (
				8372D5982E7AC5C900075E69 /* Debug */,
				8372D5992E7AC5C900075E69 /* Release */,
			);
			defaultConfigurationIsVisible = 0;
			defaultConfigurationName = Release;
		};
		8372D5952E7AC5C900075E69 /* Build configuration list for PBXNativeTarget "AlarmClock" */ = {
			isa = XCConfigurationList;
			buildConfigurations = (
				8372D5962E7AC5C900075E69 /* Debug */,
				8372D5972E7AC5C900075E69 /* Release */,
			);
			defaultConfigurationIsVisible = 0;
			defaultConfigurationName = Release;
		};
		8372D59A2E7AC5C900075E69 /* Build configuration list for PBXNativeTarget "AlarmClockTests" */ = {
			isa = XCConfigurationList;
			buildConfigurations = (
				8372D59B2E7AC5C900075E69 /* Debug */,
				8372D59C2E7AC5C900075E69 /* Release */,
			);
			defaultConfigurationIsVisible = 0;
			defaultConfigurationName = Release;
		};
		8372D59D2E7AC5C900075E69 /* Build configuration list for PBXNativeTarget "AlarmClockUITests" */ = {
			isa = XCConfigurationList;
			buildConfigurations = (
				8372D59E2E7AC5C900075E69 /* Debug */,
				8372D59F2E7AC5C900075E69 /* Release */,
			);
			defaultConfigurationIsVisible = 0;
			defaultConfigurationName = Release;
		};
/* End XCConfigurationList section */
	};
	rootObject = 8372D5642E7AC5C600075E69 /* Project object */;
}
